
Microsoft Visual Studio Solution File, Format Version 11.00
# Visual Studio 2010
Project("{2150E333-8FDC-42A3-9474-1A3956D46DE8}") = "Deploy", "Deploy", "{6D1AFF9F-BDE9-4BEB-A156-D86F941055E8}"
	ProjectSection(SolutionItems) = preProject
		Deploy\Deploy.sql = Deploy\Deploy.sql
	EndProjectSection
EndProject
Project("{FAE04EC0-301F-11D3-BF4B-00C04F79EFBC}") = "Hatfield.AquariusDataImporter", "Source\Hatfield.AquariusDataImporter\Hatfield.AquariusDataImporter.csproj", "{9C2E386A-9924-45A9-8E9A-5FB1FB9F6896}"
EndProject
Project("{FAE04EC0-301F-11D3-BF4B-00C04F79EFBC}") = "Hatfield.Aquarius.PublicServiceAPI", "Source\Hatfield.Aquarius.PublicServiceAPI\Hatfield.Aquarius.PublicServiceAPI.csproj", "{52F08CF3-A36C-418B-8AE6-6B7347C718A8}"
EndProject
Project("{FAE04EC0-301F-11D3-BF4B-00C04F79EFBC}") = "Hatfield.AquariusDataImporter.Core", "Source\Hatfield.AquariusDataImporter.Core\Hatfield.AquariusDataImporter.Core.csproj", "{91C30EF9-C03B-461B-A93B-1C4D6714A015}"
EndProject
Project("{2150E333-8FDC-42A3-9474-1A3956D46DE8}") = ".nuget", ".nuget", "{2763DBC5-8CB8-41EE-A82A-1C1677F6B98D}"
	ProjectSection(SolutionItems) = preProject
		.nuget\NuGet.Config = .nuget\NuGet.Config
		.nuget\NuGet.exe = .nuget\NuGet.exe
		.nuget\NuGet.targets = .nuget\NuGet.targets
	EndProjectSection
EndProject
Global
	GlobalSection(SolutionConfigurationPlatforms) = preSolution
		Debug|Any CPU = Debug|Any CPU
		Debug|Mixed Platforms = Debug|Mixed Platforms
		Debug|x86 = Debug|x86
		Release|Any CPU = Release|Any CPU
		Release|Mixed Platforms = Release|Mixed Platforms
		Release|x86 = Release|x86
	EndGlobalSection
	GlobalSection(ProjectConfigurationPlatforms) = postSolution
		{9C2E386A-9924-45A9-8E9A-5FB1FB9F6896}.Debug|Any CPU.ActiveCfg = Debug|x86
		{9C2E386A-9924-45A9-8E9A-5FB1FB9F6896}.Debug|Mixed Platforms.ActiveCfg = Debug|x86
		{9C2E386A-9924-45A9-8E9A-5FB1FB9F6896}.Debug|Mixed Platforms.Build.0 = Debug|x86
		{9C2E386A-9924-45A9-8E9A-5FB1FB9F6896}.Debug|x86.ActiveCfg = Debug|x86
		{9C2E386A-9924-45A9-8E9A-5FB1FB9F6896}.Debug|x86.Build.0 = Debug|x86
		{9C2E386A-9924-45A9-8E9A-5FB1FB9F6896}.Release|Any CPU.ActiveCfg = Release|x86
		{9C2E386A-9924-45A9-8E9A-5FB1FB9F6896}.Release|Mixed Platforms.ActiveCfg = Release|x86
		{9C2E386A-9924-45A9-8E9A-5FB1FB9F6896}.Release|Mixed Platforms.Build.0 = Release|x86
		{9C2E386A-9924-45A9-8E9A-5FB1FB9F6896}.Release|x86.ActiveCfg = Release|x86
		{9C2E386A-9924-45A9-8E9A-5FB1FB9F6896}.Release|x86.Build.0 = Release|x86
		{52F08CF3-A36C-418B-8AE6-6B7347C718A8}.Debug|Any CPU.ActiveCfg = Debug|Any CPU
		{52F08CF3-A36C-418B-8AE6-6B7347C718A8}.Debug|Any CPU.Build.0 = Debug|Any CPU
		{52F08CF3-A36C-418B-8AE6-6B7347C718A8}.Debug|Mixed Platforms.ActiveCfg = Debug|Any CPU
		{52F08CF3-A36C-418B-8AE6-6B7347C718A8}.Debug|Mixed Platforms.Build.0 = Debug|Any CPU
		{52F08CF3-A36C-418B-8AE6-6B7347C718A8}.Debug|x86.ActiveCfg = Debug|Any CPU
		{52F08CF3-A36C-418B-8AE6-6B7347C718A8}.Release|Any CPU.ActiveCfg = Release|Any CPU
		{52F08CF3-A36C-418B-8AE6-6B7347C718A8}.Release|Any CPU.Build.0 = Release|Any CPU
		{52F08CF3-A36C-418B-8AE6-6B7347C718A8}.Release|Mixed Platforms.ActiveCfg = Release|Any CPU
		{52F08CF3-A36C-418B-8AE6-6B7347C718A8}.Release|Mixed Platforms.Build.0 = Release|Any CPU
		{52F08CF3-A36C-418B-8AE6-6B7347C718A8}.Release|x86.ActiveCfg = Release|Any CPU
		{91C30EF9-C03B-461B-A93B-1C4D6714A015}.Debug|Any CPU.ActiveCfg = Debug|Any CPU
		{91C30EF9-C03B-461B-A93B-1C4D6714A015}.Debug|Any CPU.Build.0 = Debug|Any CPU
		{91C30EF9-C03B-461B-A93B-1C4D6714A015}.Debug|Mixed Platforms.ActiveCfg = Debug|Any CPU
		{91C30EF9-C03B-461B-A93B-1C4D6714A015}.Debug|Mixed Platforms.Build.0 = Debug|Any CPU
		{91C30EF9-C03B-461B-A93B-1C4D6714A015}.Debug|x86.ActiveCfg = Debug|Any CPU
		{91C30EF9-C03B-461B-A93B-1C4D6714A015}.Release|Any CPU.ActiveCfg = Release|Any CPU
		{91C30EF9-C03B-461B-A93B-1C4D6714A015}.Release|Any CPU.Build.0 = Release|Any CPU
		{91C30EF9-C03B-461B-A93B-1C4D6714A015}.Release|Mixed Platforms.ActiveCfg = Release|Any CPU
		{91C30EF9-C03B-461B-A93B-1C4D6714A015}.Release|Mixed Platforms.Build.0 = Release|Any CPU
		{91C30EF9-C03B-461B-A93B-1C4D6714A015}.Release|x86.ActiveCfg = Release|Any CPU
	EndGlobalSection
	GlobalSection(SolutionProperties) = preSolution
		HideSolutionNode = FALSE
	EndGlobalSection
EndGlobal
